
Microsoft Visual Studio Solution File, Format Version 12.00
# Visual Studio 15
VisualStudioVersion = 15.0.28010.2026
MinimumVisualStudioVersion = 10.0.40219.1
Project("{FAE04EC0-301F-11D3-BF4B-00C04F79EFBC}") = "Lab4DataSet", "Lab4DataSet\Lab4DataSet.csproj", "{62513B53-DA4B-4F3F-B946-EC267BE363FB}"
EndProject
Global
	GlobalSection(SolutionConfigurationPlatforms) = preSolution
		Debug|Any CPU = Debug|Any CPU
		Release|Any CPU = Release|Any CPU
	EndGlobalSection
	GlobalSection(ProjectConfigurationPlatforms) = postSolution
		{62513B53-DA4B-4F3F-B946-EC267BE363FB}.Debug|Any CPU.ActiveCfg = Debug|Any CPU
		{62513B53-DA4B-4F3F-B946-EC267BE363FB}.Debug|Any CPU.Build.0 = Debug|Any CPU
		{62513B53-DA4B-4F3F-B946-EC267BE363FB}.Release|Any CPU.ActiveCfg = Release|Any CPU
		{62513B53-DA4B-4F3F-B946-EC267BE363FB}.Release|Any CPU.Build.0 = Release|Any CPU
	EndGlobalSection
	GlobalSection(SolutionProperties) = preSolution
		HideSolutionNode = FALSE
	EndGlobalSection
	GlobalSection(ExtensibilityGlobals) = postSolution
		SolutionGuid = {DB18FDCA-79E7-4E0D-85A9-699191B1E768}
	EndGlobalSection
EndGlobal
